
Microsoft Visual Studio Solution File, Format Version 12.00
# Visual Studio 15
VisualStudioVersion = 15.0.27703.2026
MinimumVisualStudioVersion = 10.0.40219.1
Project("{FAE04EC0-301F-11D3-BF4B-00C04F79EFBC}") = "RxSubstitution", "RxSubstitution\RxSubstitution.csproj", "{4D7463E6-1805-4151-9461-2808D0B61485}"
EndProject
Project("{FAE04EC0-301F-11D3-BF4B-00C04F79EFBC}") = "RxSubstitution.Test", "RxSubstitution.Test\RxSubstitution.Test.csproj", "{7321DDB9-333B-4BB3-9CDA-268BB4AFD821}"
EndProject
Global
	GlobalSection(SolutionConfigurationPlatforms) = preSolution
		Debug|Any CPU = Debug|Any CPU
		Release|Any CPU = Release|Any CPU
	EndGlobalSection
	GlobalSection(ProjectConfigurationPlatforms) = postSolution
		{4D7463E6-1805-4151-9461-2808D0B61485}.Debug|Any CPU.ActiveCfg = Debug|Any CPU
		{4D7463E6-1805-4151-9461-2808D0B61485}.Debug|Any CPU.Build.0 = Debug|Any CPU
		{4D7463E6-1805-4151-9461-2808D0B61485}.Release|Any CPU.ActiveCfg = Release|Any CPU
		{4D7463E6-1805-4151-9461-2808D0B61485}.Release|Any CPU.Build.0 = Release|Any CPU
		{7321DDB9-333B-4BB3-9CDA-268BB4AFD821}.Debug|Any CPU.ActiveCfg = Debug|Any CPU
		{7321DDB9-333B-4BB3-9CDA-268BB4AFD821}.Debug|Any CPU.Build.0 = Debug|Any CPU
		{7321DDB9-333B-4BB3-9CDA-268BB4AFD821}.Release|Any CPU.ActiveCfg = Release|Any CPU
		{7321DDB9-333B-4BB3-9CDA-268BB4AFD821}.Release|Any CPU.Build.0 = Release|Any CPU
	EndGlobalSection
	GlobalSection(SolutionProperties) = preSolution
		HideSolutionNode = FALSE
	EndGlobalSection
	GlobalSection(ExtensibilityGlobals) = postSolution
		SolutionGuid = {8E7B406C-DCBF-456C-857A-1A607BDC256B}
	EndGlobalSection
EndGlobal
